// !$*UTF8*$!
{
	archiveVersion = 1;
	classes = {
	};
	objectVersion = 48;
	objects = {

/* Begin PBXBuildFile section */
		62B42DCD1FDCCFFE0055E726 /* AppDelegate.swift in Sources */ = {isa = PBXBuildFile; fileRef = 62B42DCC1FDCCFFE0055E726 /* AppDelegate.swift */; };
		62B42DCF1FDCCFFE0055E726 /* ViewController.swift in Sources */ = {isa = PBXBuildFile; fileRef = 62B42DCE1FDCCFFE0055E726 /* ViewController.swift */; };
		62B42DD21FDCCFFE0055E726 /* Main.storyboard in Resources */ = {isa = PBXBuildFile; fileRef = 62B42DD01FDCCFFE0055E726 /* Main.storyboard */; };
		62B42DD41FDCCFFE0055E726 /* Assets.xcassets in Resources */ = {isa = PBXBuildFile; fileRef = 62B42DD31FDCCFFE0055E726 /* Assets.xcassets */; };
		62B42DD71FDCCFFE0055E726 /* LaunchScreen.storyboard in Resources */ = {isa = PBXBuildFile; fileRef = 62B42DD51FDCCFFE0055E726 /* LaunchScreen.storyboard */; };
/* End PBXBuildFile section */

/* Begin PBXFileReference section */
		62B42DC91FDCCFFE0055E726 /* Quick Supply Inventory.app */ = {isa = PBXFileReference; explicitFileType = wrapper.application; includeInIndex = 0; path = "Quick Supply Inventory.app"; sourceTree = BUILT_PRODUCTS_DIR; };
		62B42DCC1FDCCFFE0055E726 /* AppDelegate.swift */ = {isa = PBXFileReference; lastKnownFileType = sourcecode.swift; path = AppDelegate.swift; sourceTree = "<group>"; };
		62B42DCE1FDCCFFE0055E726 /* ViewController.swift */ = {isa = PBXFileReference; lastKnownFileType = sourcecode.swift; path = ViewController.swift; sourceTree = "<group>"; };
		62B42DD11FDCCFFE0055E726 /* Base */ = {isa = PBXFileReference; lastKnownFileType = file.storyboard; name = Base; path = Base.lproj/Main.storyboard; sourceTree = "<group>"; };
		62B42DD31FDCCFFE0055E726 /* Assets.xcassets */ = {isa = PBXFileReference; lastKnownFileType = folder.assetcatalog; path = Assets.xcassets; sourceTree = "<group>"; };
		62B42DD61FDCCFFE0055E726 /* Base */ = {isa = PBXFileReference; lastKnownFileType = file.storyboard; name = Base; path = Base.lproj/LaunchScreen.storyboard; sourceTree = "<group>"; };
		62B42DD81FDCCFFE0055E726 /* Info.plist */ = {isa = PBXFileReference; lastKnownFileType = text.plist.xml; path = Info.plist; sourceTree = "<group>"; };
/* End PBXFileReference section */

/* Begin PBXFrameworksBuildPhase section */
		62B42DC61FDCCFFE0055E726 /* Frameworks */ = {
			isa = PBXFrameworksBuildPhase;
			buildActionMask = 2147483647;
			files = (
			);
			runOnlyForDeploymentPostprocessing = 0;
		};
/* End PBXFrameworksBuildPhase section */

/* Begin PBXGroup section */
		62B42DC01FDCCFFE0055E726 = {
			isa = PBXGroup;
			children = (
				62B42DCB1FDCCFFE0055E726 /* Quick Supply Inventory */,
				62B42DCA1FDCCFFE0055E726 /* Products */,
			);
			sourceTree = "<group>";
		};
		62B42DCA1FDCCFFE0055E726 /* Products */ = {
			isa = PBXGroup;
			children = (
				62B42DC91FDCCFFE0055E726 /* Quick Supply Inventory.app */,
			);
			name = Products;
			sourceTree = "<group>";
		};
		62B42DCB1FDCCFFE0055E726 /* Quick Supply Inventory */ = {
			isa = PBXGroup;
			children = (
				62B42DCC1FDCCFFE0055E726 /* AppDelegate.swift */,
				62B42DCE1FDCCFFE0055E726 /* ViewController.swift */,
				62B42DD01FDCCFFE0055E726 /* Main.storyboard */,
				62B42DD31FDCCFFE0055E726 /* Assets.xcassets */,
				62B42DD51FDCCFFE0055E726 /* LaunchScreen.storyboard */,
				62B42DD81FDCCFFE0055E726 /* Info.plist */,
			);
			path = "Quick Supply Inventory";
			sourceTree = "<group>";
		};
/* End PBXGroup section */

/* Begin PBXNativeTarget section */
		62B42DC81FDCCFFE0055E726 /* Quick Supply Inventory */ = {
			isa = PBXNativeTarget;
			buildConfigurationList = 62B42DDB1FDCCFFE0055E726 /* Build configuration list for PBXNativeTarget "Quick Supply Inventory" */;
			buildPhases = (
				62B42DC51FDCCFFE0055E726 /* Sources */,
				62B42DC61FDCCFFE0055E726 /* Frameworks */,
				62B42DC71FDCCFFE0055E726 /* Resources */,
			);
			buildRules = (
			);
			dependencies = (
			);
			name = "Quick Supply Inventory";
			productName = "Quick Supply Inventory";
			productReference = 62B42DC91FDCCFFE0055E726 /* Quick Supply Inventory.app */;
			productType = "com.apple.product-type.application";
		};
/* End PBXNativeTarget section */

/* Begin PBXProject section */
		62B42DC11FDCCFFE0055E726 /* Project object */ = {
			isa = PBXProject;
			attributes = {
				LastSwiftUpdateCheck = 0910;
				LastUpgradeCheck = 0910;
				ORGANIZATIONNAME = "Andrew Hopps";
				TargetAttributes = {
					62B42DC81FDCCFFE0055E726 = {
						CreatedOnToolsVersion = 9.1;
						ProvisioningStyle = Automatic;
					};
				};
			};
			buildConfigurationList = 62B42DC41FDCCFFE0055E726 /* Build configuration list for PBXProject "Quick Supply Inventory" */;
			compatibilityVersion = "Xcode 8.0";
			developmentRegion = en;
			hasScannedForEncodings = 0;
			knownRegions = (
				en,
				Base,
			);
			mainGroup = 62B42DC01FDCCFFE0055E726;
			productRefGroup = 62B42DCA1FDCCFFE0055E726 /* Products */;
			projectDirPath = "";
			projectRoot = "";
			targets = (
				62B42DC81FDCCFFE0055E726 /* Quick Supply Inventory */,
			);
		};
/* End PBXProject section */

/* Begin PBXResourcesBuildPhase section */
		62B42DC71FDCCFFE0055E726 /* Resources */ = {
			isa = PBXResourcesBuildPhase;
			buildActionMask = 2147483647;
			files = (
				62B42DD71FDCCFFE0055E726 /* LaunchScreen.storyboard in Resources */,
				62B42DD41FDCCFFE0055E726 /* Assets.xcassets in Resources */,
				62B42DD21FDCCFFE0055E726 /* Main.storyboard in Resources */,
			);
			runOnlyForDeploymentPostprocessing = 0;
		};
/* End PBXResourcesBuildPhase section */

/* Begin PBXSourcesBuildPhase section */
		62B42DC51FDCCFFE0055E726 /* Sources */ = {
			isa = PBXSourcesBuildPhase;
			buildActionMask = 2147483647;
			files = (
				62B42DCF1FDCCFFE0055E726 /* ViewController.swift in Sources */,
				62B42DCD1FDCCFFE0055E726 /* AppDelegate.swift in Sources */,
			);
			runOnlyForDeploymentPostprocessing = 0;
		};
/* End PBXSourcesBuildPhase section */

/* Begin PBXVariantGroup section */
		62B42DD01FDCCFFE0055E726 /* Main.storyboard */ = {
			isa = PBXVariantGroup;
			children = (
				62B42DD11FDCCFFE0055E726 /* Base */,
			);
			name = Main.storyboard;
			sourceTree = "<group>";
		};
		62B42DD51FDCCFFE0055E726 /* LaunchScreen.storyboard */ = {
			isa = PBXVariantGroup;
			children = (
				62B42DD61FDCCFFE0055E726 /* Base */,
			);
			name = LaunchScreen.storyboard;
			sourceTree = "<group>";
		};
/* End PBXVariantGroup section */

/* Begin XCBuildConfiguration section */
		62B42DD91FDCCFFE0055E726 /* Debug */ = {
			isa = XCBuildConfiguration;
			buildSettings = {
				ALWAYS_SEARCH_USER_PATHS = NO;
				CLANG_ANALYZER_NONNULL = YES;
				CLANG_ANALYZER_NUMBER_OBJECT_CONVERSION = YES_AGGRESSIVE;
				CLANG_CXX_LANGUAGE_STANDARD = "gnu++14";
				CLANG_CXX_LIBRARY = "libc++";
				CLANG_ENABLE_MODULES = YES;
				CLANG_ENABLE_OBJC_ARC = YES;
				CLANG_WARN_BLOCK_CAPTURE_AUTORELEASING = YES;
				CLANG_WARN_BOOL_CONVERSION = YES;
				CLANG_WARN_COMMA = YES;
				CLANG_WARN_CONSTANT_CONVERSION = YES;
				CLANG_WARN_DIRECT_OBJC_ISA_USAGE = YES_ERROR;
				CLANG_WARN_DOCUMENTATION_COMMENTS = YES;
				CLANG_WARN_EMPTY_BODY = YES;
				CLANG_WARN_ENUM_CONVERSION = YES;
				CLANG_WARN_INFINITE_RECURSION = YES;
				CLANG_WARN_INT_CONVERSION = YES;
				CLANG_WARN_NON_LITERAL_NULL_CONVERSION = YES;
				CLANG_WARN_OBJC_LITERAL_CONVERSION = YES;
				CLANG_WARN_OBJC_ROOT_CLASS = YES_ERROR;
				CLANG_WARN_RANGE_LOOP_ANALYSIS = YES;
				CLANG_WARN_STRICT_PROTOTYPES = YES;
				CLANG_WARN_SUSPICIOUS_MOVE = YES;
				CLANG_WARN_UNGUARDED_AVAILABILITY = YES_AGGRESSIVE;
				CLANG_WARN_UNREACHABLE_CODE = YES;
				CLANG_WARN__DUPLICATE_METHOD_MATCH = YES;
				CODE_SIGN_IDENTITY = "iPhone Developer";
				COPY_PHASE_STRIP = NO;
				DEBUG_INFORMATION_FORMAT = dwarf;
				ENABLE_STRICT_OBJC_MSGSEND = YES;
				ENABLE_TESTABILITY = YES;
				GCC_C_LANGUAGE_STANDARD = gnu11;
				GCC_DYNAMIC_NO_PIC = NO;
				GCC_NO_COMMON_BLOCKS = YES;
				GCC_OPTIMIZATION_LEVEL = 0;
				GCC_PREPROCESSOR_DEFINITIONS = (
					"DEBUG=1",
					"$(inherited)",
				);
				GCC_WARN_64_TO_32_BIT_CONVERSION = YES;
				GCC_WARN_ABOUT_RETURN_TYPE = YES_ERROR;
				GCC_WARN_UNDECLARED_SELECTOR = YES;
				GCC_WARN_UNINITIALIZED_AUTOS = YES_AGGRESSIVE;
				GCC_WARN_UNUSED_FUNCTION = YES;
				GCC_WARN_UNUSED_VARIABLE = YES;
				IPHONEOS_DEPLOYMENT_TARGET = 11.1;
				MTL_ENABLE_DEBUG_INFO = YES;
				ONLY_ACTIVE_ARCH = YES;
				SDKROOT = iphoneos;
				SWIFT_ACTIVE_COMPILATION_CONDITIONS = DEBUG;
				SWIFT_OPTIMIZATION_LEVEL = "-Onone";
			};
			name = Debug;
		};
		62B42DDA1FDCCFFE0055E726 /* Release */ = {
			isa = XCBuildConfiguration;
			buildSettings = {
				ALWAYS_SEARCH_USER_PATHS = NO;
				CLANG_ANALYZER_NONNULL = YES;
				CLANG_ANALYZER_NUMBER_OBJECT_CONVERSION = YES_AGGRESSIVE;
				CLANG_CXX_LANGUAGE_STANDARD = "gnu++14";
				CLANG_CXX_LIBRARY = "libc++";
				CLANG_ENABLE_MODULES = YES;
				CLANG_ENABLE_OBJC_ARC = YES;
				CLANG_WARN_BLOCK_CAPTURE_AUTORELEASING = YES;
				CLANG_WARN_BOOL_CONVERSION = YES;
				CLANG_WARN_COMMA = YES;
				CLANG_WARN_CONSTANT_CONVERSION = YES;
				CLANG_WARN_DIRECT_OBJC_ISA_USAGE = YES_ERROR;
				CLANG_WARN_DOCUMENTATION_COMMENTS = YES;
				CLANG_WARN_EMPTY_BODY = YES;
				CLANG_WARN_ENUM_CONVERSION = YES;
				CLANG_WARN_INFINITE_RECURSION = YES;
				CLANG_WARN_INT_CONVERSION = YES;
				CLANG_WARN_NON_LITERAL_NULL_CONVERSION = YES;
				CLANG_WARN_OBJC_LITERAL_CONVERSION = YES;
				CLANG_WARN_OBJC_ROOT_CLASS = YES_ERROR;
				CLANG_WARN_RANGE_LOOP_ANALYSIS = YES;
				CLANG_WARN_STRICT_PROTOTYPES = YES;
				CLANG_WARN_SUSPICIOUS_MOVE = YES;
				CLANG_WARN_UNGUARDED_AVAILABILITY = YES_AGGRESSIVE;
				CLANG_WARN_UNREACHABLE_CODE = YES;
				CLANG_WARN__DUPLICATE_METHOD_MATCH = YES;
				CODE_SIGN_IDENTITY = "iPhone Developer";
				COPY_PHASE_STRIP = NO;
				DEBUG_INFORMATION_FORMAT = "dwarf-with-dsym";
				ENABLE_NS_ASSERTIONS = NO;
				ENABLE_STRICT_OBJC_MSGSEND = YES;
				GCC_C_LANGUAGE_STANDARD = gnu11;
				GCC_NO_COMMON_BLOCKS = YES;
				GCC_WARN_64_TO_32_BIT_CONVERSION = YES;
				GCC_WARN_ABOUT_RETURN_TYPE = YES_ERROR;
				GCC_WARN_UNDECLARED_SELECTOR = YES;
				GCC_WARN_UNINITIALIZED_AUTOS = YES_AGGRESSIVE;
				GCC_WARN_UNUSED_FUNCTION = YES;
				GCC_WARN_UNUSED_VARIABLE = YES;
				IPHONEOS_DEPLOYMENT_TARGET = 11.1;
				MTL_ENABLE_DEBUG_INFO = NO;
				SDKROOT = iphoneos;
				SWIFT_OPTIMIZATION_LEVEL = "-Owholemodule";
				VALIDATE_PRODUCT = YES;
			};
			name = Release;
		};
		62B42DDC1FDCCFFE0055E726 /* Debug */ = {
			isa = XCBuildConfiguration;
			buildSettings = {
				ASSETCATALOG_COMPILER_APPICON_NAME = AppIcon;
				CODE_SIGN_STYLE = Automatic;
				INFOPLIST_FILE = "Quick Supply Inventory/Info.plist";
				LD_RUNPATH_SEARCH_PATHS = "$(inherited) @executable_path/Frameworks";
				PRODUCT_BUNDLE_IDENTIFIER = "andrewhopps.Quick-Supply-Inventory";
				PRODUCT_NAME = "$(TARGET_NAME)";
				SWIFT_VERSION = 4.0;
				TARGETED_DEVICE_FAMILY = "1,2";
			};
			name = Debug;
		};
		62B42DDD1FDCCFFE0055E726 /* Release */ = {
			isa = XCBuildConfiguration;
			buildSettings = {
				ASSETCATALOG_COMPILER_APPICON_NAME = AppIcon;
				CODE_SIGN_STYLE = Automatic;
				INFOPLIST_FILE = "Quick Supply Inventory/Info.plist";
				LD_RUNPATH_SEARCH_PATHS = "$(inherited) @executable_path/Frameworks";
				PRODUCT_BUNDLE_IDENTIFIER = "andrewhopps.Quick-Supply-Inventory";
				PRODUCT_NAME = "$(TARGET_NAME)";
				SWIFT_VERSION = 4.0;
				TARGETED_DEVICE_FAMILY = "1,2";
			};
			name = Release;
		};
/* End XCBuildConfiguration section */

/* Begin XCConfigurationList section */
		62B42DC41FDCCFFE0055E726 /* Build configuration list for PBXProject "Quick Supply Inventory" */ = {
			isa = XCConfigurationList;
			buildConfigurations = (
				62B42DD91FDCCFFE0055E726 /* Debug */,
				62B42DDA1FDCCFFE0055E726 /* Release */,
			);
			defaultConfigurationIsVisible = 0;
			defaultConfigurationName = Release;
		};
		62B42DDB1FDCCFFE0055E726 /* Build configuration list for PBXNativeTarget "Quick Supply Inventory" */ = {
			isa = XCConfigurationList;
			buildConfigurations = (
				62B42DDC1FDCCFFE0055E726 /* Debug */,
				62B42DDD1FDCCFFE0055E726 /* Release */,
			);
			defaultConfigurationIsVisible = 0;
			defaultConfigurationName = Release;
		};
/* End XCConfigurationList section */
	};
	rootObject = 62B42DC11FDCCFFE0055E726 /* Project object */;
}
